
Microsoft Visual Studio Solution File, Format Version 12.00
# Visual Studio Version 16
VisualStudioVersion = 16.0.31624.102
MinimumVisualStudioVersion = 10.0.40219.1
Project("{FAE04EC0-301F-11D3-BF4B-00C04F79EFBC}") = "AssignmentPage", "AssignmentPage\AssignmentPage.csproj", "{8DA7BFE3-50F0-4B19-B09E-C40ADCFDFCAC}"
EndProject
Global
	GlobalSection(SolutionConfigurationPlatforms) = preSolution
		Debug|Any CPU = Debug|Any CPU
		Release|Any CPU = Release|Any CPU
	EndGlobalSection
	GlobalSection(ProjectConfigurationPlatforms) = postSolution
		{8DA7BFE3-50F0-4B19-B09E-C40ADCFDFCAC}.Debug|Any CPU.ActiveCfg = Debug|Any CPU
		{8DA7BFE3-50F0-4B19-B09E-C40ADCFDFCAC}.Debug|Any CPU.Build.0 = Debug|Any CPU
		{8DA7BFE3-50F0-4B19-B09E-C40ADCFDFCAC}.Release|Any CPU.ActiveCfg = Release|Any CPU
		{8DA7BFE3-50F0-4B19-B09E-C40ADCFDFCAC}.Release|Any CPU.Build.0 = Release|Any CPU
	EndGlobalSection
	GlobalSection(SolutionProperties) = preSolution
		HideSolutionNode = FALSE
	EndGlobalSection
	GlobalSection(ExtensibilityGlobals) = postSolution
		SolutionGuid = {6989B934-0601-431D-A11C-267A63D5F806}
	EndGlobalSection
EndGlobal
